
Microsoft Visual Studio Solution File, Format Version 12.00
# Visual Studio Version 16
VisualStudioVersion = 16.0.29709.97
MinimumVisualStudioVersion = 10.0.40219.1
Project("{FAE04EC0-301F-11D3-BF4B-00C04F79EFBC}") = "Web", "FileManager\Web.csproj", "{BB7D0015-04AD-4596-9D42-64B03FB114DB}"
EndProject
Global
	GlobalSection(SolutionConfigurationPlatforms) = preSolution
		Debug|Any CPU = Debug|Any CPU
		Release|Any CPU = Release|Any CPU
	EndGlobalSection
	GlobalSection(ProjectConfigurationPlatforms) = postSolution
		{BB7D0015-04AD-4596-9D42-64B03FB114DB}.Debug|Any CPU.ActiveCfg = Debug|Any CPU
		{BB7D0015-04AD-4596-9D42-64B03FB114DB}.Debug|Any CPU.Build.0 = Debug|Any CPU
		{BB7D0015-04AD-4596-9D42-64B03FB114DB}.Release|Any CPU.ActiveCfg = Release|Any CPU
		{BB7D0015-04AD-4596-9D42-64B03FB114DB}.Release|Any CPU.Build.0 = Release|Any CPU
	EndGlobalSection
	GlobalSection(SolutionProperties) = preSolution
		HideSolutionNode = FALSE
	EndGlobalSection
	GlobalSection(ExtensibilityGlobals) = postSolution
		SolutionGuid = {F63DBE37-5113-487C-B912-72AFF29BCD5D}
	EndGlobalSection
EndGlobal
